
Microsoft Visual Studio Solution File, Format Version 12.00
# Visual Studio Version 17
VisualStudioVersion = 17.10.35004.147
MinimumVisualStudioVersion = 10.0.40219.1
Project("{FAE04EC0-301F-11D3-BF4B-00C04F79EFBC}") = "Topic.EntityLayer", "Topic.EntityLayer\Topic.EntityLayer.csproj", "{32D4FD63-4591-4AED-8E5A-5EF8782D904C}"
EndProject
Project("{FAE04EC0-301F-11D3-BF4B-00C04F79EFBC}") = "Topic.DataAccessLayer", "Topic.DataAccessLayer\Topic.DataAccessLayer.csproj", "{EC84D8AE-754D-4BDA-914C-08FEA298416E}"
EndProject
Project("{FAE04EC0-301F-11D3-BF4B-00C04F79EFBC}") = "Topic.BusinessLayer", "Topic.BusinessLayer\Topic.BusinessLayer.csproj", "{07513A73-0525-4BE3-AFEE-23EA6DD0EA5F}"
EndProject
Project("{FAE04EC0-301F-11D3-BF4B-00C04F79EFBC}") = "Topic.DTOLayer", "Topic.DTOLayer\Topic.DTOLayer.csproj", "{463CFB85-92EF-4DBB-B32B-7A2E5772BF50}"
EndProject
Project("{FAE04EC0-301F-11D3-BF4B-00C04F79EFBC}") = "Topic.API", "Topic.API\Topic.API.csproj", "{C45752A0-AF65-4BAC-80D3-792AF7C2A2C3}"
EndProject
Project("{FAE04EC0-301F-11D3-BF4B-00C04F79EFBC}") = "Topic.WebUI", "Topic.WebUI\Topic.WebUI.csproj", "{82084E03-8858-4EF4-B6DF-3064ED2C8AE5}"
EndProject
Global
	GlobalSection(SolutionConfigurationPlatforms) = preSolution
		Debug|Any CPU = Debug|Any CPU
		Release|Any CPU = Release|Any CPU
	EndGlobalSection
	GlobalSection(ProjectConfigurationPlatforms) = postSolution
		{32D4FD63-4591-4AED-8E5A-5EF8782D904C}.Debug|Any CPU.ActiveCfg = Debug|Any CPU
		{32D4FD63-4591-4AED-8E5A-5EF8782D904C}.Debug|Any CPU.Build.0 = Debug|Any CPU
		{32D4FD63-4591-4AED-8E5A-5EF8782D904C}.Release|Any CPU.ActiveCfg = Release|Any CPU
		{32D4FD63-4591-4AED-8E5A-5EF8782D904C}.Release|Any CPU.Build.0 = Release|Any CPU
		{EC84D8AE-754D-4BDA-914C-08FEA298416E}.Debug|Any CPU.ActiveCfg = Debug|Any CPU
		{EC84D8AE-754D-4BDA-914C-08FEA298416E}.Debug|Any CPU.Build.0 = Debug|Any CPU
		{EC84D8AE-754D-4BDA-914C-08FEA298416E}.Release|Any CPU.ActiveCfg = Release|Any CPU
		{EC84D8AE-754D-4BDA-914C-08FEA298416E}.Release|Any CPU.Build.0 = Release|Any CPU
		{07513A73-0525-4BE3-AFEE-23EA6DD0EA5F}.Debug|Any CPU.ActiveCfg = Debug|Any CPU
		{07513A73-0525-4BE3-AFEE-23EA6DD0EA5F}.Debug|Any CPU.Build.0 = Debug|Any CPU
		{07513A73-0525-4BE3-AFEE-23EA6DD0EA5F}.Release|Any CPU.ActiveCfg = Release|Any CPU
		{07513A73-0525-4BE3-AFEE-23EA6DD0EA5F}.Release|Any CPU.Build.0 = Release|Any CPU
		{463CFB85-92EF-4DBB-B32B-7A2E5772BF50}.Debug|Any CPU.ActiveCfg = Debug|Any CPU
		{463CFB85-92EF-4DBB-B32B-7A2E5772BF50}.Debug|Any CPU.Build.0 = Debug|Any CPU
		{463CFB85-92EF-4DBB-B32B-7A2E5772BF50}.Release|Any CPU.ActiveCfg = Release|Any CPU
		{463CFB85-92EF-4DBB-B32B-7A2E5772BF50}.Release|Any CPU.Build.0 = Release|Any CPU
		{C45752A0-AF65-4BAC-80D3-792AF7C2A2C3}.Debug|Any CPU.ActiveCfg = Debug|Any CPU
		{C45752A0-AF65-4BAC-80D3-792AF7C2A2C3}.Debug|Any CPU.Build.0 = Debug|Any CPU
		{C45752A0-AF65-4BAC-80D3-792AF7C2A2C3}.Release|Any CPU.ActiveCfg = Release|Any CPU
		{C45752A0-AF65-4BAC-80D3-792AF7C2A2C3}.Release|Any CPU.Build.0 = Release|Any CPU
		{82084E03-8858-4EF4-B6DF-3064ED2C8AE5}.Debug|Any CPU.ActiveCfg = Debug|Any CPU
		{82084E03-8858-4EF4-B6DF-3064ED2C8AE5}.Debug|Any CPU.Build.0 = Debug|Any CPU
		{82084E03-8858-4EF4-B6DF-3064ED2C8AE5}.Release|Any CPU.ActiveCfg = Release|Any CPU
		{82084E03-8858-4EF4-B6DF-3064ED2C8AE5}.Release|Any CPU.Build.0 = Release|Any CPU
	EndGlobalSection
	GlobalSection(SolutionProperties) = preSolution
		HideSolutionNode = FALSE
	EndGlobalSection
	GlobalSection(ExtensibilityGlobals) = postSolution
		SolutionGuid = {0D0CC281-7B5D-4FFF-995F-C2100A3ADCA3}
	EndGlobalSection
EndGlobal
